
Microsoft Visual Studio Solution File, Format Version 12.00
# Visual Studio Version 17
VisualStudioVersion = 17.2.32630.192
MinimumVisualStudioVersion = 10.0.40219.1
Project("{FAE04EC0-301F-11D3-BF4B-00C04F79EFBC}") = "PasswordGenerator", "PasswordGenerator\PasswordGenerator.csproj", "{092B7134-1D74-4C96-94B9-EDB1C1694603}"
EndProject
Global
	GlobalSection(SolutionConfigurationPlatforms) = preSolution
		Debug|Any CPU = Debug|Any CPU
		Release|Any CPU = Release|Any CPU
	EndGlobalSection
	GlobalSection(ProjectConfigurationPlatforms) = postSolution
		{092B7134-1D74-4C96-94B9-EDB1C1694603}.Debug|Any CPU.ActiveCfg = Debug|Any CPU
		{092B7134-1D74-4C96-94B9-EDB1C1694603}.Debug|Any CPU.Build.0 = Debug|Any CPU
		{092B7134-1D74-4C96-94B9-EDB1C1694603}.Release|Any CPU.ActiveCfg = Release|Any CPU
		{092B7134-1D74-4C96-94B9-EDB1C1694603}.Release|Any CPU.Build.0 = Release|Any CPU
	EndGlobalSection
	GlobalSection(SolutionProperties) = preSolution
		HideSolutionNode = FALSE
	EndGlobalSection
	GlobalSection(ExtensibilityGlobals) = postSolution
		SolutionGuid = {FFBD3057-EF4A-402F-BB68-F32CC9D13B06}
	EndGlobalSection
EndGlobal
